
Microsoft Visual Studio Solution File, Format Version 12.00
# Visual Studio Version 16
VisualStudioVersion = 16.0.31402.337
MinimumVisualStudioVersion = 10.0.40219.1
Project("{2150E333-8FDC-42A3-9474-1A3956D46DE8}") = "Server", "Server", "{65FDB32C-4E02-4DA8-BC96-C61977AE399C}"
EndProject
Project("{9A19103F-16F7-4668-BE54-9A1E7A4F7556}") = "Core", "Server\Core\Core.csproj", "{16FE04A4-74FC-4C6A-8D8D-91324103919C}"
EndProject
Project("{9A19103F-16F7-4668-BE54-9A1E7A4F7556}") = "Database", "Server\Database\Database.csproj", "{1161F5A7-684A-4872-BC23-739BA5528AE2}"
EndProject
Project("{FAE04EC0-301F-11D3-BF4B-00C04F79EFBC}") = "Handler", "Server\Handler\Handler.csproj", "{3B040A35-B06E-4B3E-987E-002F3140798E}"
EndProject
Global
	GlobalSection(SolutionConfigurationPlatforms) = preSolution
		Debug|Any CPU = Debug|Any CPU
		Release|Any CPU = Release|Any CPU
	EndGlobalSection
	GlobalSection(ProjectConfigurationPlatforms) = postSolution
		{16FE04A4-74FC-4C6A-8D8D-91324103919C}.Debug|Any CPU.ActiveCfg = Debug|Any CPU
		{16FE04A4-74FC-4C6A-8D8D-91324103919C}.Debug|Any CPU.Build.0 = Debug|Any CPU
		{16FE04A4-74FC-4C6A-8D8D-91324103919C}.Release|Any CPU.ActiveCfg = Release|Any CPU
		{16FE04A4-74FC-4C6A-8D8D-91324103919C}.Release|Any CPU.Build.0 = Release|Any CPU
		{1161F5A7-684A-4872-BC23-739BA5528AE2}.Debug|Any CPU.ActiveCfg = Debug|Any CPU
		{1161F5A7-684A-4872-BC23-739BA5528AE2}.Debug|Any CPU.Build.0 = Debug|Any CPU
		{1161F5A7-684A-4872-BC23-739BA5528AE2}.Release|Any CPU.ActiveCfg = Release|Any CPU
		{1161F5A7-684A-4872-BC23-739BA5528AE2}.Release|Any CPU.Build.0 = Release|Any CPU
		{3B040A35-B06E-4B3E-987E-002F3140798E}.Debug|Any CPU.ActiveCfg = Debug|Any CPU
		{3B040A35-B06E-4B3E-987E-002F3140798E}.Debug|Any CPU.Build.0 = Debug|Any CPU
		{3B040A35-B06E-4B3E-987E-002F3140798E}.Release|Any CPU.ActiveCfg = Release|Any CPU
		{3B040A35-B06E-4B3E-987E-002F3140798E}.Release|Any CPU.Build.0 = Release|Any CPU
	EndGlobalSection
	GlobalSection(SolutionProperties) = preSolution
		HideSolutionNode = FALSE
	EndGlobalSection
	GlobalSection(NestedProjects) = preSolution
		{16FE04A4-74FC-4C6A-8D8D-91324103919C} = {65FDB32C-4E02-4DA8-BC96-C61977AE399C}
		{1161F5A7-684A-4872-BC23-739BA5528AE2} = {65FDB32C-4E02-4DA8-BC96-C61977AE399C}
		{3B040A35-B06E-4B3E-987E-002F3140798E} = {65FDB32C-4E02-4DA8-BC96-C61977AE399C}
	EndGlobalSection
	GlobalSection(ExtensibilityGlobals) = postSolution
		SolutionGuid = {A6A5F214-9081-4B53-8C1E-16C2B6FBA816}
	EndGlobalSection
EndGlobal
